
Microsoft Visual Studio Solution File, Format Version 12.00
# Visual Studio Version 16
VisualStudioVersion = 16.0.30204.135
MinimumVisualStudioVersion = 10.0.40219.1
Project("{FAE04EC0-301F-11D3-BF4B-00C04F79EFBC}") = "Test1", "Test1\Test1.csproj", "{4841BECD-20B6-48BD-95CA-631C11AD819F}"
EndProject
Project("{FAE04EC0-301F-11D3-BF4B-00C04F79EFBC}") = "UnitTestProject7", "UnitTestProject7\UnitTestProject7.csproj", "{F24588CE-4D48-4040-AC63-56BB3965C6DD}"
EndProject
Global
	GlobalSection(SolutionConfigurationPlatforms) = preSolution
		Debug|Any CPU = Debug|Any CPU
		Release|Any CPU = Release|Any CPU
	EndGlobalSection
	GlobalSection(ProjectConfigurationPlatforms) = postSolution
		{4841BECD-20B6-48BD-95CA-631C11AD819F}.Debug|Any CPU.ActiveCfg = Debug|Any CPU
		{4841BECD-20B6-48BD-95CA-631C11AD819F}.Debug|Any CPU.Build.0 = Debug|Any CPU
		{4841BECD-20B6-48BD-95CA-631C11AD819F}.Release|Any CPU.ActiveCfg = Release|Any CPU
		{4841BECD-20B6-48BD-95CA-631C11AD819F}.Release|Any CPU.Build.0 = Release|Any CPU
		{F24588CE-4D48-4040-AC63-56BB3965C6DD}.Debug|Any CPU.ActiveCfg = Debug|Any CPU
		{F24588CE-4D48-4040-AC63-56BB3965C6DD}.Debug|Any CPU.Build.0 = Debug|Any CPU
		{F24588CE-4D48-4040-AC63-56BB3965C6DD}.Release|Any CPU.ActiveCfg = Release|Any CPU
		{F24588CE-4D48-4040-AC63-56BB3965C6DD}.Release|Any CPU.Build.0 = Release|Any CPU
	EndGlobalSection
	GlobalSection(SolutionProperties) = preSolution
		HideSolutionNode = FALSE
	EndGlobalSection
	GlobalSection(ExtensibilityGlobals) = postSolution
		SolutionGuid = {0C4BA65B-744F-4A8C-BF8F-BD2AC20F1DC3}
	EndGlobalSection
EndGlobal
